
Microsoft Visual Studio Solution File, Format Version 12.00
# Visual Studio Version 16
VisualStudioVersion = 16.0.31624.102
MinimumVisualStudioVersion = 10.0.40219.1
Project("{9A19103F-16F7-4668-BE54-9A1E7A4F7556}") = "JunsBookStore", "JunsBookStore\JunsBookStore.csproj", "{95021DBA-E128-4EDA-91E5-499972AD0355}"
EndProject
Project("{9A19103F-16F7-4668-BE54-9A1E7A4F7556}") = "JunsBooks.DataAccess", "JunsBooks.DataAccess\JunsBooks.DataAccess.csproj", "{604B89F0-4D63-4F00-ACE7-D295AF9F41B8}"
EndProject
Project("{9A19103F-16F7-4668-BE54-9A1E7A4F7556}") = "JunsBooks.Models", "JunsBooks.Models\JunsBooks.Models.csproj", "{6DFFE674-3731-4F9D-8418-672692E6BBF2}"
EndProject
Project("{9A19103F-16F7-4668-BE54-9A1E7A4F7556}") = "JunsBooks.Utility", "JunsBooks.Utility\JunsBooks.Utility.csproj", "{97653960-5306-44C5-90DF-E97FD7C89985}"
EndProject
Project("{2150E333-8FDC-42A3-9474-1A3956D46DE8}") = "Solution Items", "Solution Items", "{7A551766-ACB8-4162-B119-D33BE43365E2}"
	ProjectSection(SolutionItems) = preProject
		.editorconfig = .editorconfig
	EndProjectSection
EndProject
Global
	GlobalSection(SolutionConfigurationPlatforms) = preSolution
		Debug|Any CPU = Debug|Any CPU
		Release|Any CPU = Release|Any CPU
	EndGlobalSection
	GlobalSection(ProjectConfigurationPlatforms) = postSolution
		{95021DBA-E128-4EDA-91E5-499972AD0355}.Debug|Any CPU.ActiveCfg = Debug|Any CPU
		{95021DBA-E128-4EDA-91E5-499972AD0355}.Debug|Any CPU.Build.0 = Debug|Any CPU
		{95021DBA-E128-4EDA-91E5-499972AD0355}.Release|Any CPU.ActiveCfg = Release|Any CPU
		{95021DBA-E128-4EDA-91E5-499972AD0355}.Release|Any CPU.Build.0 = Release|Any CPU
		{604B89F0-4D63-4F00-ACE7-D295AF9F41B8}.Debug|Any CPU.ActiveCfg = Debug|Any CPU
		{604B89F0-4D63-4F00-ACE7-D295AF9F41B8}.Debug|Any CPU.Build.0 = Debug|Any CPU
		{604B89F0-4D63-4F00-ACE7-D295AF9F41B8}.Release|Any CPU.ActiveCfg = Release|Any CPU
		{604B89F0-4D63-4F00-ACE7-D295AF9F41B8}.Release|Any CPU.Build.0 = Release|Any CPU
		{6DFFE674-3731-4F9D-8418-672692E6BBF2}.Debug|Any CPU.ActiveCfg = Debug|Any CPU
		{6DFFE674-3731-4F9D-8418-672692E6BBF2}.Debug|Any CPU.Build.0 = Debug|Any CPU
		{6DFFE674-3731-4F9D-8418-672692E6BBF2}.Release|Any CPU.ActiveCfg = Release|Any CPU
		{6DFFE674-3731-4F9D-8418-672692E6BBF2}.Release|Any CPU.Build.0 = Release|Any CPU
		{97653960-5306-44C5-90DF-E97FD7C89985}.Debug|Any CPU.ActiveCfg = Debug|Any CPU
		{97653960-5306-44C5-90DF-E97FD7C89985}.Debug|Any CPU.Build.0 = Debug|Any CPU
		{97653960-5306-44C5-90DF-E97FD7C89985}.Release|Any CPU.ActiveCfg = Release|Any CPU
		{97653960-5306-44C5-90DF-E97FD7C89985}.Release|Any CPU.Build.0 = Release|Any CPU
	EndGlobalSection
	GlobalSection(SolutionProperties) = preSolution
		HideSolutionNode = FALSE
	EndGlobalSection
	GlobalSection(ExtensibilityGlobals) = postSolution
		SolutionGuid = {D27C1A36-F818-4530-87CF-81DBF4A0F230}
	EndGlobalSection
EndGlobal
